
Microsoft Visual Studio Solution File, Format Version 12.00
# Visual Studio Version 17
VisualStudioVersion = 17.14.36203.30 d17.14
MinimumVisualStudioVersion = 10.0.40219.1
Project("{FAE04EC0-301F-11D3-BF4B-00C04F79EFBC}") = "MVC_Buddies", "MVC_Buddies.csproj", "{BB7EFDE8-D2CC-4869-A8DE-50D5F1880AD9}"
EndProject
Global
	GlobalSection(SolutionConfigurationPlatforms) = preSolution
		Debug|Any CPU = Debug|Any CPU
		Release|Any CPU = Release|Any CPU
	EndGlobalSection
	GlobalSection(ProjectConfigurationPlatforms) = postSolution
		{BB7EFDE8-D2CC-4869-A8DE-50D5F1880AD9}.Debug|Any CPU.ActiveCfg = Debug|Any CPU
		{BB7EFDE8-D2CC-4869-A8DE-50D5F1880AD9}.Debug|Any CPU.Build.0 = Debug|Any CPU
		{BB7EFDE8-D2CC-4869-A8DE-50D5F1880AD9}.Release|Any CPU.ActiveCfg = Release|Any CPU
		{BB7EFDE8-D2CC-4869-A8DE-50D5F1880AD9}.Release|Any CPU.Build.0 = Release|Any CPU
	EndGlobalSection
	GlobalSection(SolutionProperties) = preSolution
		HideSolutionNode = FALSE
	EndGlobalSection
	GlobalSection(ExtensibilityGlobals) = postSolution
		SolutionGuid = {1CCAEB07-1334-48AA-B939-8681DFA29BA6}
	EndGlobalSection
EndGlobal
